// !$*UTF8*$!
{
	archiveVersion = 1;
	classes = {
	};
	objectVersion = 77;
	objects = {

/* Begin PBXContainerItemProxy section */
		49E8B9932F9F9B35002F1EE2 /* PBXContainerItemProxy */ = {
			isa = PBXContainerItemProxy;
			containerPortal = 49E8B97D2F9F9B33002F1EE2 /* Project object */;
			proxyType = 1;
			remoteGlobalIDString = 49E8B9842F9F9B33002F1EE2;
			remoteInfo = FoundationModelsSandbox;
		};
		49E8B99D2F9F9B35002F1EE2 /* PBXContainerItemProxy */ = {
			isa = PBXContainerItemProxy;
			containerPortal = 49E8B97D2F9F9B33002F1EE2 /* Project object */;
			proxyType = 1;
			remoteGlobalIDString = 49E8B9842F9F9B33002F1EE2;
			remoteInfo = FoundationModelsSandbox;
		};
/* End PBXContainerItemProxy section */

/* Begin PBXFileReference section */
		49E8B9852F9F9B33002F1EE2 /* FoundationModelsSandbox.app */ = {isa = PBXFileReference; explicitFileType = wrapper.application; includeInIndex = 0; path = FoundationModelsSandbox.app; sourceTree = BUILT_PRODUCTS_DIR; };
		49E8B9922F9F9B35002F1EE2 /* FoundationModelsSandboxTests.xctest */ = {isa = PBXFileReference; explicitFileType = wrapper.cfbundle; includeInIndex = 0; path = FoundationModelsSandboxTests.xctest; sourceTree = BUILT_PRODUCTS_DIR; };
		49E8B99C2F9F9B35002F1EE2 /* FoundationModelsSandboxUITests.xctest */ = {isa = PBXFileReference; explicitFileType = wrapper.cfbundle; includeInIndex = 0; path = FoundationModelsSandboxUITests.xctest; sourceTree = BUILT_PRODUCTS_DIR; };
/* End PBXFileReference section */

/* Begin PBXFileSystemSynchronizedRootGroup section */
		49E8B9872F9F9B33002F1EE2 /* FoundationModelsSandbox */ = {
			isa = PBXFileSystemSynchronizedRootGroup;
			path = FoundationModelsSandbox;
			sourceTree = "<group>";
		};
		49E8B9952F9F9B35002F1EE2 /* FoundationModelsSandboxTests */ = {
			isa = PBXFileSystemSynchronizedRootGroup;
			path = FoundationModelsSandboxTests;
			sourceTree = "<group>";
		};
		49E8B99F2F9F9B35002F1EE2 /* FoundationModelsSandboxUITests */ = {
			isa = PBXFileSystemSynchronizedRootGroup;
			path = FoundationModelsSandboxUITests;
			sourceTree = "<group>";
		};
/* End PBXFileSystemSynchronizedRootGroup section */

/* Begin PBXFrameworksBuildPhase section */
		49E8B9822F9F9B33002F1EE2 /* Frameworks */ = {
			isa = PBXFrameworksBuildPhase;
			buildActionMask = 2147483647;
			files = (
			);
			runOnlyForDeploymentPostprocessing = 0;
		};
		49E8B98F2F9F9B35002F1EE2 /* Frameworks */ = {
			isa = PBXFrameworksBuildPhase;
			buildActionMask = 2147483647;
			files = (
			);
			runOnlyForDeploymentPostprocessing = 0;
		};
		49E8B9992F9F9B35002F1EE2 /* Frameworks */ = {
			isa = PBXFrameworksBuildPhase;
			buildActionMask = 2147483647;
			files = (
			);
			runOnlyForDeploymentPostprocessing = 0;
		};
/* End PBXFrameworksBuildPhase section */

/* Begin PBXGroup section */
		49E8B97C2F9F9B33002F1EE2 = {
			isa = PBXGroup;
			children = (
				49E8B9872F9F9B33002F1EE2 /* FoundationModelsSandbox */,
				49E8B9952F9F9B35002F1EE2 /* FoundationModelsSandboxTests */,
				49E8B99F2F9F9B35002F1EE2 /* FoundationModelsSandboxUITests */,
				49E8B9862F9F9B33002F1EE2 /* Products */,
			);
			sourceTree = "<group>";
		};
		49E8B9862F9F9B33002F1EE2 /* Products */ = {
			isa = PBXGroup;
			children = (
				49E8B9852F9F9B33002F1EE2 /* FoundationModelsSandbox.app */,
				49E8B9922F9F9B35002F1EE2 /* FoundationModelsSandboxTests.xctest */,
				49E8B99C2F9F9B35002F1EE2 /* FoundationModelsSandboxUITests.xctest */,
			);
			name = Products;
			sourceTree = "<group>";
		};
/* End PBXGroup section */

/* Begin PBXNativeTarget section */
		49E8B9842F9F9B33002F1EE2 /* FoundationModelsSandbox */ = {
			isa = PBXNativeTarget;
			buildConfigurationList = 49E8B9A62F9F9B35002F1EE2 /* Build configuration list for PBXNativeTarget "FoundationModelsSandbox" */;
			buildPhases = (
				49E8B9812F9F9B33002F1EE2 /* Sources */,
				49E8B9822F9F9B33002F1EE2 /* Frameworks */,
				49E8B9832F9F9B33002F1EE2 /* Resources */,
			);
			buildRules = (
			);
			dependencies = (
			);
			fileSystemSynchronizedGroups = (
				49E8B9872F9F9B33002F1EE2 /* FoundationModelsSandbox */,
			);
			name = FoundationModelsSandbox;
			packageProductDependencies = (
			);
			productName = FoundationModelsSandbox;
			productReference = 49E8B9852F9F9B33002F1EE2 /* FoundationModelsSandbox.app */;
			productType = "com.apple.product-type.application";
		};
		49E8B9912F9F9B35002F1EE2 /* FoundationModelsSandboxTests */ = {
			isa = PBXNativeTarget;
			buildConfigurationList = 49E8B9A92F9F9B35002F1EE2 /* Build configuration list for PBXNativeTarget "FoundationModelsSandboxTests" */;
			buildPhases = (
				49E8B98E2F9F9B35002F1EE2 /* Sources */,
				49E8B98F2F9F9B35002F1EE2 /* Frameworks */,
				49E8B9902F9F9B35002F1EE2 /* Resources */,
			);
			buildRules = (
			);
			dependencies = (
				49E8B9942F9F9B35002F1EE2 /* PBXTargetDependency */,
			);
			fileSystemSynchronizedGroups = (
				49E8B9952F9F9B35002F1EE2 /* FoundationModelsSandboxTests */,
			);
			name = FoundationModelsSandboxTests;
			packageProductDependencies = (
			);
			productName = FoundationModelsSandboxTests;
			productReference = 49E8B9922F9F9B35002F1EE2 /* FoundationModelsSandboxTests.xctest */;
			productType = "com.apple.product-type.bundle.unit-test";
		};
		49E8B99B2F9F9B35002F1EE2 /* FoundationModelsSandboxUITests */ = {
			isa = PBXNativeTarget;
			buildConfigurationList = 49E8B9AC2F9F9B35002F1EE2 /* Build configuration list for PBXNativeTarget "FoundationModelsSandboxUITests" */;
			buildPhases = (
				49E8B9982F9F9B35002F1EE2 /* Sources */,
				49E8B9992F9F9B35002F1EE2 /* Frameworks */,
				49E8B99A2F9F9B35002F1EE2 /* Resources */,
			);
			buildRules = (
			);
			dependencies = (
				49E8B99E2F9F9B35002F1EE2 /* PBXTargetDependency */,
			);
			fileSystemSynchronizedGroups = (
				49E8B99F2F9F9B35002F1EE2 /* FoundationModelsSandboxUITests */,
			);
			name = FoundationModelsSandboxUITests;
			packageProductDependencies = (
			);
			productName = FoundationModelsSandboxUITests;
			productReference = 49E8B99C2F9F9B35002F1EE2 /* FoundationModelsSandboxUITests.xctest */;
			productType = "com.apple.product-type.bundle.ui-testing";
		};
/* End PBXNativeTarget section */

/* Begin PBXProject section */
		49E8B97D2F9F9B33002F1EE2 /* Project object */ = {
			isa = PBXProject;
			attributes = {
				BuildIndependentTargetsInParallel = 1;
				LastSwiftUpdateCheck = 2640;
				LastUpgradeCheck = 2640;
				TargetAttributes = {
					49E8B9842F9F9B33002F1EE2 = {
						CreatedOnToolsVersion = 26.4;
					};
					49E8B9912F9F9B35002F1EE2 = {
						CreatedOnToolsVersion = 26.4;
						TestTargetID = 49E8B9842F9F9B33002F1EE2;
					};
					49E8B99B2F9F9B35002F1EE2 = {
						CreatedOnToolsVersion = 26.4;
						TestTargetID = 49E8B9842F9F9B33002F1EE2;
					};
				};
			};
			buildConfigurationList = 49E8B9802F9F9B33002F1EE2 /* Build configuration list for PBXProject "FoundationModelsSandbox" */;
			developmentRegion = en;
			hasScannedForEncodings = 0;
			knownRegions = (
				en,
				Base,
			);
			mainGroup = 49E8B97C2F9F9B33002F1EE2;
			minimizedProjectReferenceProxies = 1;
			preferredProjectObjectVersion = 77;
			productRefGroup = 49E8B9862F9F9B33002F1EE2 /* Products */;
			projectDirPath = "";
			projectRoot = "";
			targets = (
				49E8B9842F9F9B33002F1EE2 /* FoundationModelsSandbox */,
				49E8B9912F9F9B35002F1EE2 /* FoundationModelsSandboxTests */,
				49E8B99B2F9F9B35002F1EE2 /* FoundationModelsSandboxUITests */,
			);
		};
/* End PBXProject section */

/* Begin PBXResourcesBuildPhase section */
		49E8B9832F9F9B33002F1EE2 /* Resources */ = {
			isa = PBXResourcesBuildPhase;
			buildActionMask = 2147483647;
			files = (
			);
			runOnlyForDeploymentPostprocessing = 0;
		};
		49E8B9902F9F9B35002F1EE2 /* Resources */ = {
			isa = PBXResourcesBuildPhase;
			buildActionMask = 2147483647;
			files = (
			);
			runOnlyForDeploymentPostprocessing = 0;
		};
		49E8B99A2F9F9B35002F1EE2 /* Resources */ = {
			isa = PBXResourcesBuildPhase;
			buildActionMask = 2147483647;
			files = (
			);
			runOnlyForDeploymentPostprocessing = 0;
		};
/* End PBXResourcesBuildPhase section */

/* Begin PBXSourcesBuildPhase section */
		49E8B9812F9F9B33002F1EE2 /* Sources */ = {
			isa = PBXSourcesBuildPhase;
			buildActionMask = 2147483647;
			files = (
			);
			runOnlyForDeploymentPostprocessing = 0;
		};
		49E8B98E2F9F9B35002F1EE2 /* Sources */ = {
			isa = PBXSourcesBuildPhase;
			buildActionMask = 2147483647;
			files = (
			);
			runOnlyForDeploymentPostprocessing = 0;
		};
		49E8B9982F9F9B35002F1EE2 /* Sources */ = {
			isa = PBXSourcesBuildPhase;
			buildActionMask = 2147483647;
			files = (
			);
			runOnlyForDeploymentPostprocessing = 0;
		};
/* End PBXSourcesBuildPhase section */

/* Begin PBXTargetDependency section */
		49E8B9942F9F9B35002F1EE2 /* PBXTargetDependency */ = {
			isa = PBXTargetDependency;
			target = 49E8B9842F9F9B33002F1EE2 /* FoundationModelsSandbox */;
			targetProxy = 49E8B9932F9F9B35002F1EE2 /* PBXContainerItemProxy */;
		};
		49E8B99E2F9F9B35002F1EE2 /* PBXTargetDependency */ = {
			isa = PBXTargetDependency;
			target = 49E8B9842F9F9B33002F1EE2 /* FoundationModelsSandbox */;
			targetProxy = 49E8B99D2F9F9B35002F1EE2 /* PBXContainerItemProxy */;
		};
/* End PBXTargetDependency section */

/* Begin XCBuildConfiguration section */
		49E8B9A42F9F9B35002F1EE2 /* Debug */ = {
			isa = XCBuildConfiguration;
			buildSettings = {
				ALWAYS_SEARCH_USER_PATHS = NO;
				ASSETCATALOG_COMPILER_GENERATE_SWIFT_ASSET_SYMBOL_EXTENSIONS = YES;
				CLANG_ANALYZER_NONNULL = YES;
				CLANG_ANALYZER_NUMBER_OBJECT_CONVERSION = YES_AGGRESSIVE;
				CLANG_CXX_LANGUAGE_STANDARD = "gnu++20";
				CLANG_ENABLE_MODULES = YES;
				CLANG_ENABLE_OBJC_ARC = YES;
				CLANG_ENABLE_OBJC_WEAK = YES;
				CLANG_WARN_BLOCK_CAPTURE_AUTORELEASING = YES;
				CLANG_WARN_BOOL_CONVERSION = YES;
				CLANG_WARN_COMMA = YES;
				CLANG_WARN_CONSTANT_CONVERSION = YES;
				CLANG_WARN_DEPRECATED_OBJC_IMPLEMENTATIONS = YES;
				CLANG_WARN_DIRECT_OBJC_ISA_USAGE = YES_ERROR;
				CLANG_WARN_DOCUMENTATION_COMMENTS = YES;
				CLANG_WARN_EMPTY_BODY = YES;
				CLANG_WARN_ENUM_CONVERSION = YES;
				CLANG_WARN_INFINITE_RECURSION = YES;
				CLANG_WARN_INT_CONVERSION = YES;
				CLANG_WARN_NON_LITERAL_NULL_CONVERSION = YES;
				CLANG_WARN_OBJC_IMPLICIT_RETAIN_SELF = YES;
				CLANG_WARN_OBJC_LITERAL_CONVERSION = YES;
				CLANG_WARN_OBJC_ROOT_CLASS = YES_ERROR;
				CLANG_WARN_QUOTED_INCLUDE_IN_FRAMEWORK_HEADER = YES;
				CLANG_WARN_RANGE_LOOP_ANALYSIS = YES;
				CLANG_WARN_STRICT_PROTOTYPES = YES;
				CLANG_WARN_SUSPICIOUS_MOVE = YES;
				CLANG_WARN_UNGUARDED_AVAILABILITY = YES_AGGRESSIVE;
				CLANG_WARN_UNREACHABLE_CODE = YES;
				CLANG_WARN__DUPLICATE_METHOD_MATCH = YES;
				COPY_PHASE_STRIP = NO;
				DEBUG_INFORMATION_FORMAT = dwarf;
				DEVELOPMENT_TEAM = F8FX9592B7;
				ENABLE_STRICT_OBJC_MSGSEND = YES;
				ENABLE_TESTABILITY = YES;
				ENABLE_USER_SCRIPT_SANDBOXING = YES;
				GCC_C_LANGUAGE_STANDARD = gnu17;
				GCC_DYNAMIC_NO_PIC = NO;
				GCC_NO_COMMON_BLOCKS = YES;
				GCC_OPTIMIZATION_LEVEL = 0;
				GCC_PREPROCESSOR_DEFINITIONS = (
					"DEBUG=1",
					"$(inherited)",
				);
				GCC_WARN_64_TO_32_BIT_CONVERSION = YES;
				GCC_WARN_ABOUT_RETURN_TYPE = YES_ERROR;
				GCC_WARN_UNDECLARED_SELECTOR = YES;
				GCC_WARN_UNINITIALIZED_AUTOS = YES_AGGRESSIVE;
				GCC_WARN_UNUSED_FUNCTION = YES;
				GCC_WARN_UNUSED_VARIABLE = YES;
				LOCALIZATION_PREFERS_STRING_CATALOGS = YES;
				MACOSX_DEPLOYMENT_TARGET = 26.4;
				MTL_ENABLE_DEBUG_INFO = INCLUDE_SOURCE;
				MTL_FAST_MATH = YES;
				ONLY_ACTIVE_ARCH = YES;
				SDKROOT = macosx;
				SWIFT_ACTIVE_COMPILATION_CONDITIONS = "DEBUG $(inherited)";
				SWIFT_OPTIMIZATION_LEVEL = "-Onone";
				SWIFT_STRICT_CONCURRENCY = complete;
			};
			name = Debug;
		};
		49E8B9A52F9F9B35002F1EE2 /* Release */ = {
			isa = XCBuildConfiguration;
			buildSettings = {
				ALWAYS_SEARCH_USER_PATHS = NO;
				ASSETCATALOG_COMPILER_GENERATE_SWIFT_ASSET_SYMBOL_EXTENSIONS = YES;
				CLANG_ANALYZER_NONNULL = YES;
				CLANG_ANALYZER_NUMBER_OBJECT_CONVERSION = YES_AGGRESSIVE;
				CLANG_CXX_LANGUAGE_STANDARD = "gnu++20";
				CLANG_ENABLE_MODULES = YES;
				CLANG_ENABLE_OBJC_ARC = YES;
				CLANG_ENABLE_OBJC_WEAK = YES;
				CLANG_WARN_BLOCK_CAPTURE_AUTORELEASING = YES;
				CLANG_WARN_BOOL_CONVERSION = YES;
				CLANG_WARN_COMMA = YES;
				CLANG_WARN_CONSTANT_CONVERSION = YES;
				CLANG_WARN_DEPRECATED_OBJC_IMPLEMENTATIONS = YES;
				CLANG_WARN_DIRECT_OBJC_ISA_USAGE = YES_ERROR;
				CLANG_WARN_DOCUMENTATION_COMMENTS = YES;
				CLANG_WARN_EMPTY_BODY = YES;
				CLANG_WARN_ENUM_CONVERSION = YES;
				CLANG_WARN_INFINITE_RECURSION = YES;
				CLANG_WARN_INT_CONVERSION = YES;
				CLANG_WARN_NON_LITERAL_NULL_CONVERSION = YES;
				CLANG_WARN_OBJC_IMPLICIT_RETAIN_SELF = YES;
				CLANG_WARN_OBJC_LITERAL_CONVERSION = YES;
				CLANG_WARN_OBJC_ROOT_CLASS = YES_ERROR;
				CLANG_WARN_QUOTED_INCLUDE_IN_FRAMEWORK_HEADER = YES;
				CLANG_WARN_RANGE_LOOP_ANALYSIS = YES;
				CLANG_WARN_STRICT_PROTOTYPES = YES;
				CLANG_WARN_SUSPICIOUS_MOVE = YES;
				CLANG_WARN_UNGUARDED_AVAILABILITY = YES_AGGRESSIVE;
				CLANG_WARN_UNREACHABLE_CODE = YES;
				CLANG_WARN__DUPLICATE_METHOD_MATCH = YES;
				COPY_PHASE_STRIP = NO;
				DEBUG_INFORMATION_FORMAT = "dwarf-with-dsym";
				DEVELOPMENT_TEAM = F8FX9592B7;
				ENABLE_NS_ASSERTIONS = NO;
				ENABLE_STRICT_OBJC_MSGSEND = YES;
				ENABLE_USER_SCRIPT_SANDBOXING = YES;
				GCC_C_LANGUAGE_STANDARD = gnu17;
				GCC_NO_COMMON_BLOCKS = YES;
				GCC_WARN_64_TO_32_BIT_CONVERSION = YES;
				GCC_WARN_ABOUT_RETURN_TYPE = YES_ERROR;
				GCC_WARN_UNDECLARED_SELECTOR = YES;
				GCC_WARN_UNINITIALIZED_AUTOS = YES_AGGRESSIVE;
				GCC_WARN_UNUSED_FUNCTION = YES;
				GCC_WARN_UNUSED_VARIABLE = YES;
				LOCALIZATION_PREFERS_STRING_CATALOGS = YES;
				MACOSX_DEPLOYMENT_TARGET = 26.4;
				MTL_ENABLE_DEBUG_INFO = NO;
				MTL_FAST_MATH = YES;
				SDKROOT = macosx;
				SWIFT_COMPILATION_MODE = wholemodule;
				SWIFT_STRICT_CONCURRENCY = complete;
			};
			name = Release;
		};
		49E8B9A72F9F9B35002F1EE2 /* Debug */ = {
			isa = XCBuildConfiguration;
			buildSettings = {
				ASSETCATALOG_COMPILER_APPICON_NAME = AppIcon;
				ASSETCATALOG_COMPILER_GLOBAL_ACCENT_COLOR_NAME = AccentColor;
				CODE_SIGN_STYLE = Automatic;
				COMBINE_HIDPI_IMAGES = YES;
				CURRENT_PROJECT_VERSION = 1;
				DEVELOPMENT_TEAM = F8FX9592B7;
				ENABLE_APP_SANDBOX = YES;
				ENABLE_HARDENED_RUNTIME = YES;
				ENABLE_PREVIEWS = YES;
				ENABLE_USER_SELECTED_FILES = readonly;
				GENERATE_INFOPLIST_FILE = YES;
				INFOPLIST_KEY_NSHumanReadableCopyright = "";
				LD_RUNPATH_SEARCH_PATHS = (
					"$(inherited)",
					"@executable_path/../Frameworks",
				);
				MARKETING_VERSION = 1.0;
				PRODUCT_BUNDLE_IDENTIFIER = dev.jlaguna.FoundationModelsSandbox;
				PRODUCT_NAME = "$(TARGET_NAME)";
				REGISTER_APP_GROUPS = YES;
				STRING_CATALOG_GENERATE_SYMBOLS = YES;
				SWIFT_APPROACHABLE_CONCURRENCY = YES;
				SWIFT_DEFAULT_ACTOR_ISOLATION = MainActor;
				SWIFT_EMIT_LOC_STRINGS = YES;
				SWIFT_STRICT_CONCURRENCY = complete;
				SWIFT_UPCOMING_FEATURE_MEMBER_IMPORT_VISIBILITY = YES;
				SWIFT_VERSION = 6.0;
			};
			name = Debug;
		};
		49E8B9A82F9F9B35002F1EE2 /* Release */ = {
			isa = XCBuildConfiguration;
			buildSettings = {
				ASSETCATALOG_COMPILER_APPICON_NAME = AppIcon;
				ASSETCATALOG_COMPILER_GLOBAL_ACCENT_COLOR_NAME = AccentColor;
				CODE_SIGN_STYLE = Automatic;
				COMBINE_HIDPI_IMAGES = YES;
				CURRENT_PROJECT_VERSION = 1;
				DEVELOPMENT_TEAM = F8FX9592B7;
				ENABLE_APP_SANDBOX = YES;
				ENABLE_HARDENED_RUNTIME = YES;
				ENABLE_PREVIEWS = YES;
				ENABLE_USER_SELECTED_FILES = readonly;
				GENERATE_INFOPLIST_FILE = YES;
				INFOPLIST_KEY_NSHumanReadableCopyright = "";
				LD_RUNPATH_SEARCH_PATHS = (
					"$(inherited)",
					"@executable_path/../Frameworks",
				);
				MARKETING_VERSION = 1.0;
				PRODUCT_BUNDLE_IDENTIFIER = dev.jlaguna.FoundationModelsSandbox;
				PRODUCT_NAME = "$(TARGET_NAME)";
				REGISTER_APP_GROUPS = YES;
				STRING_CATALOG_GENERATE_SYMBOLS = YES;
				SWIFT_APPROACHABLE_CONCURRENCY = YES;
				SWIFT_DEFAULT_ACTOR_ISOLATION = MainActor;
				SWIFT_EMIT_LOC_STRINGS = YES;
				SWIFT_STRICT_CONCURRENCY = complete;
				SWIFT_UPCOMING_FEATURE_MEMBER_IMPORT_VISIBILITY = YES;
				SWIFT_VERSION = 6.0;
			};
			name = Release;
		};
		49E8B9AA2F9F9B35002F1EE2 /* Debug */ = {
			isa = XCBuildConfiguration;
			buildSettings = {
				BUNDLE_LOADER = "$(TEST_HOST)";
				CODE_SIGN_STYLE = Automatic;
				CURRENT_PROJECT_VERSION = 1;
				DEVELOPMENT_TEAM = F8FX9592B7;
				GENERATE_INFOPLIST_FILE = YES;
				MACOSX_DEPLOYMENT_TARGET = 26.4;
				MARKETING_VERSION = 1.0;
				PRODUCT_BUNDLE_IDENTIFIER = dev.jlaguna.FoundationModelsSandboxTests;
				PRODUCT_NAME = "$(TARGET_NAME)";
				STRING_CATALOG_GENERATE_SYMBOLS = NO;
				SWIFT_APPROACHABLE_CONCURRENCY = YES;
				SWIFT_EMIT_LOC_STRINGS = NO;
				SWIFT_STRICT_CONCURRENCY = complete;
				SWIFT_UPCOMING_FEATURE_MEMBER_IMPORT_VISIBILITY = YES;
				SWIFT_VERSION = 6.0;
				TEST_HOST = "$(BUILT_PRODUCTS_DIR)/FoundationModelsSandbox.app/$(BUNDLE_EXECUTABLE_FOLDER_PATH)/FoundationModelsSandbox";
			};
			name = Debug;
		};
		49E8B9AB2F9F9B35002F1EE2 /* Release */ = {
			isa = XCBuildConfiguration;
			buildSettings = {
				BUNDLE_LOADER = "$(TEST_HOST)";
				CODE_SIGN_STYLE = Automatic;
				CURRENT_PROJECT_VERSION = 1;
				DEVELOPMENT_TEAM = F8FX9592B7;
				GENERATE_INFOPLIST_FILE = YES;
				MACOSX_DEPLOYMENT_TARGET = 26.4;
				MARKETING_VERSION = 1.0;
				PRODUCT_BUNDLE_IDENTIFIER = dev.jlaguna.FoundationModelsSandboxTests;
				PRODUCT_NAME = "$(TARGET_NAME)";
				STRING_CATALOG_GENERATE_SYMBOLS = NO;
				SWIFT_APPROACHABLE_CONCURRENCY = YES;
				SWIFT_EMIT_LOC_STRINGS = NO;
				SWIFT_STRICT_CONCURRENCY = complete;
				SWIFT_UPCOMING_FEATURE_MEMBER_IMPORT_VISIBILITY = YES;
				SWIFT_VERSION = 6.0;
				TEST_HOST = "$(BUILT_PRODUCTS_DIR)/FoundationModelsSandbox.app/$(BUNDLE_EXECUTABLE_FOLDER_PATH)/FoundationModelsSandbox";
			};
			name = Release;
		};
		49E8B9AD2F9F9B35002F1EE2 /* Debug */ = {
			isa = XCBuildConfiguration;
			buildSettings = {
				CODE_SIGN_STYLE = Automatic;
				CURRENT_PROJECT_VERSION = 1;
				DEVELOPMENT_TEAM = F8FX9592B7;
				GENERATE_INFOPLIST_FILE = YES;
				MARKETING_VERSION = 1.0;
				PRODUCT_BUNDLE_IDENTIFIER = dev.jlaguna.FoundationModelsSandboxUITests;
				PRODUCT_NAME = "$(TARGET_NAME)";
				STRING_CATALOG_GENERATE_SYMBOLS = NO;
				SWIFT_APPROACHABLE_CONCURRENCY = YES;
				SWIFT_EMIT_LOC_STRINGS = NO;
				SWIFT_STRICT_CONCURRENCY = complete;
				SWIFT_UPCOMING_FEATURE_MEMBER_IMPORT_VISIBILITY = YES;
				SWIFT_VERSION = 6.0;
				TEST_TARGET_NAME = FoundationModelsSandbox;
			};
			name = Debug;
		};
		49E8B9AE2F9F9B35002F1EE2 /* Release */ = {
			isa = XCBuildConfiguration;
			buildSettings = {
				CODE_SIGN_STYLE = Automatic;
				CURRENT_PROJECT_VERSION = 1;
				DEVELOPMENT_TEAM = F8FX9592B7;
				GENERATE_INFOPLIST_FILE = YES;
				MARKETING_VERSION = 1.0;
				PRODUCT_BUNDLE_IDENTIFIER = dev.jlaguna.FoundationModelsSandboxUITests;
				PRODUCT_NAME = "$(TARGET_NAME)";
				STRING_CATALOG_GENERATE_SYMBOLS = NO;
				SWIFT_APPROACHABLE_CONCURRENCY = YES;
				SWIFT_EMIT_LOC_STRINGS = NO;
				SWIFT_STRICT_CONCURRENCY = complete;
				SWIFT_UPCOMING_FEATURE_MEMBER_IMPORT_VISIBILITY = YES;
				SWIFT_VERSION = 6.0;
				TEST_TARGET_NAME = FoundationModelsSandbox;
			};
			name = Release;
		};
/* End XCBuildConfiguration section */

/* Begin XCConfigurationList section */
		49E8B9802F9F9B33002F1EE2 /* Build configuration list for PBXProject "FoundationModelsSandbox" */ = {
			isa = XCConfigurationList;
			buildConfigurations = (
				49E8B9A42F9F9B35002F1EE2 /* Debug */,
				49E8B9A52F9F9B35002F1EE2 /* Release */,
			);
			defaultConfigurationIsVisible = 0;
			defaultConfigurationName = Release;
		};
		49E8B9A62F9F9B35002F1EE2 /* Build configuration list for PBXNativeTarget "FoundationModelsSandbox" */ = {
			isa = XCConfigurationList;
			buildConfigurations = (
				49E8B9A72F9F9B35002F1EE2 /* Debug */,
				49E8B9A82F9F9B35002F1EE2 /* Release */,
			);
			defaultConfigurationIsVisible = 0;
			defaultConfigurationName = Release;
		};
		49E8B9A92F9F9B35002F1EE2 /* Build configuration list for PBXNativeTarget "FoundationModelsSandboxTests" */ = {
			isa = XCConfigurationList;
			buildConfigurations = (
				49E8B9AA2F9F9B35002F1EE2 /* Debug */,
				49E8B9AB2F9F9B35002F1EE2 /* Release */,
			);
			defaultConfigurationIsVisible = 0;
			defaultConfigurationName = Release;
		};
		49E8B9AC2F9F9B35002F1EE2 /* Build configuration list for PBXNativeTarget "FoundationModelsSandboxUITests" */ = {
			isa = XCConfigurationList;
			buildConfigurations = (
				49E8B9AD2F9F9B35002F1EE2 /* Debug */,
				49E8B9AE2F9F9B35002F1EE2 /* Release */,
			);
			defaultConfigurationIsVisible = 0;
			defaultConfigurationName = Release;
		};
/* End XCConfigurationList section */
	};
	rootObject = 49E8B97D2F9F9B33002F1EE2 /* Project object */;
}
